Microsoft Visual Studio Solution File, Format Version 11.00
# Visual Studio 2008

Project("{E1BF68DB-DA3D-9C31-E73F-D1550AF6AABA}") = "Final Project CAT", "Assembly-CSharp.csproj", "{3E2DFFFB-FAF4-4D59-003E-0A0D94E06F1E}"
EndProject
Global
	GlobalSection(SolutionConfigurationPlatforms) = preSolution
		Debug|Any CPU = Debug|Any CPU
		Release|Any CPU = Release|Any CPU
	EndGlobalSection
	GlobalSection(ProjectConfigurationPlatforms) = postSolution
		{3E2DFFFB-FAF4-4D59-003E-0A0D94E06F1E}.Debug|Any CPU.ActiveCfg = Debug|Any CPU
		{3E2DFFFB-FAF4-4D59-003E-0A0D94E06F1E}.Debug|Any CPU.Build.0 = Debug|Any CPU
		{3E2DFFFB-FAF4-4D59-003E-0A0D94E06F1E}.Release|Any CPU.ActiveCfg = Release|Any CPU
		{3E2DFFFB-FAF4-4D59-003E-0A0D94E06F1E}.Release|Any CPU.Build.0 = Release|Any CPU
	EndGlobalSection
	GlobalSection(SolutionProperties) = preSolution
		HideSolutionNode = FALSE
	EndGlobalSection
	GlobalSection(MonoDevelopProperties) = preSolution
		StartupItem = Assembly-CSharp.csproj
	EndGlobalSection
EndGlobal
